// !$*UTF8*$!
{
	archiveVersion = 1;
	classes = {
	};
	objectVersion = 46;
	objects = {

/* Begin PBXBuildFile section */
		EA0E2D931BA678DB00BD907D /* XWCommon.m in Sources */ = {isa = PBXBuildFile; fileRef = EA0E2D921BA678DB00BD907D /* XWCommon.m */; settings = {ASSET_TAGS = (); }; };
		EA11B26C1B60CE6A00A653EB /* XWModelGroup.m in Sources */ = {isa = PBXBuildFile; fileRef = EA11B26B1B60CE6A00A653EB /* XWModelGroup.m */; };
		EA3C5D9F1B61C6B7001A7B92 /* NSTextView+XW.m in Sources */ = {isa = PBXBuildFile; fileRef = EA3C5D9E1B61C6B7001A7B92 /* NSTextView+XW.m */; };
		EA419C261B61DD2700ED7E37 /* XWUserTool.m in Sources */ = {isa = PBXBuildFile; fileRef = EA419C251B61DD2700ED7E37 /* XWUserTool.m */; };
		EA50C4321B60D38A007B1754 /* XWMyConverTool.m in Sources */ = {isa = PBXBuildFile; fileRef = EA50C4311B60D38A007B1754 /* XWMyConverTool.m */; };
		EA6E84421B60C7F700012187 /* XWModel.m in Sources */ = {isa = PBXBuildFile; fileRef = EA6E84411B60C7F700012187 /* XWModel.m */; };
		EA7DEF2B1B60832D00743797 /* XWJsonToCode.m in Sources */ = {isa = PBXBuildFile; fileRef = EA7DEF2A1B60832D00743797 /* XWJsonToCode.m */; };
		EAA024321B60AF630031255E /* NSDictionary+XW.m in Sources */ = {isa = PBXBuildFile; fileRef = EAA0242E1B60AF630031255E /* NSDictionary+XW.m */; };
		EAA024331B60AF630031255E /* NSString+XW.m in Sources */ = {isa = PBXBuildFile; fileRef = EAA024311B60AF630031255E /* NSString+XW.m */; };
		EAA024431B60B4060031255E /* AppKit.framework in Frameworks */ = {isa = PBXBuildFile; fileRef = EAA024421B60B4060031255E /* AppKit.framework */; };
		EAA024451B60B4210031255E /* Carbon.framework in Frameworks */ = {isa = PBXBuildFile; fileRef = EAA024441B60B4210031255E /* Carbon.framework */; };
		EAA024471B60B4340031255E /* Cocoa.framework in Frameworks */ = {isa = PBXBuildFile; fileRef = EAA024461B60B4340031255E /* Cocoa.framework */; };
		EAFF72AA1B6225C20061ABA4 /* XWInputJsonVC.m in Sources */ = {isa = PBXBuildFile; fileRef = EAFF72A81B6225C20061ABA4 /* XWInputJsonVC.m */; };
		EAFF72AB1B6225C20061ABA4 /* XWInputJsonVC.xib in Resources */ = {isa = PBXBuildFile; fileRef = EAFF72A91B6225C20061ABA4 /* XWInputJsonVC.xib */; };
/* End PBXBuildFile section */

/* Begin PBXFileReference section */
		EA0E2D911BA678DB00BD907D /* XWCommon.h */ = {isa = PBXFileReference; fileEncoding = 4; lastKnownFileType = sourcecode.c.h; path = XWCommon.h; sourceTree = "<group>"; };
		EA0E2D921BA678DB00BD907D /* XWCommon.m */ = {isa = PBXFileReference; fileEncoding = 4; lastKnownFileType = sourcecode.c.objc; path = XWCommon.m; sourceTree = "<group>"; };
		EA11B26A1B60CE6A00A653EB /* XWModelGroup.h */ = {isa = PBXFileReference; fileEncoding = 4; lastKnownFileType = sourcecode.c.h; path = XWModelGroup.h; sourceTree = "<group>"; };
		EA11B26B1B60CE6A00A653EB /* XWModelGroup.m */ = {isa = PBXFileReference; fileEncoding = 4; lastKnownFileType = sourcecode.c.objc; path = XWModelGroup.m; sourceTree = "<group>"; };
		EA3C5D9D1B61C6B7001A7B92 /* NSTextView+XW.h */ = {isa = PBXFileReference; fileEncoding = 4; lastKnownFileType = sourcecode.c.h; path = "NSTextView+XW.h"; sourceTree = "<group>"; };
		EA3C5D9E1B61C6B7001A7B92 /* NSTextView+XW.m */ = {isa = PBXFileReference; fileEncoding = 4; lastKnownFileType = sourcecode.c.objc; path = "NSTextView+XW.m"; sourceTree = "<group>"; };
		EA419C241B61DD2700ED7E37 /* XWUserTool.h */ = {isa = PBXFileReference; fileEncoding = 4; lastKnownFileType = sourcecode.c.h; path = XWUserTool.h; sourceTree = "<group>"; };
		EA419C251B61DD2700ED7E37 /* XWUserTool.m */ = {isa = PBXFileReference; fileEncoding = 4; lastKnownFileType = sourcecode.c.objc; path = XWUserTool.m; sourceTree = "<group>"; };
		EA50C4301B60D38A007B1754 /* XWMyConverTool.h */ = {isa = PBXFileReference; fileEncoding = 4; lastKnownFileType = sourcecode.c.h; path = XWMyConverTool.h; sourceTree = "<group>"; };
		EA50C4311B60D38A007B1754 /* XWMyConverTool.m */ = {isa = PBXFileReference; fileEncoding = 4; lastKnownFileType = sourcecode.c.objc; path = XWMyConverTool.m; sourceTree = "<group>"; };
		EA6E84401B60C7F700012187 /* XWModel.h */ = {isa = PBXFileReference; fileEncoding = 4; lastKnownFileType = sourcecode.c.h; path = XWModel.h; sourceTree = "<group>"; };
		EA6E84411B60C7F700012187 /* XWModel.m */ = {isa = PBXFileReference; fileEncoding = 4; lastKnownFileType = sourcecode.c.objc; path = XWModel.m; sourceTree = "<group>"; };
		EA7DEF291B60832D00743797 /* XWJsonToCode.h */ = {isa = PBXFileReference; fileEncoding = 4; lastKnownFileType = sourcecode.c.h; path = XWJsonToCode.h; sourceTree = "<group>"; };
		EA7DEF2A1B60832D00743797 /* XWJsonToCode.m */ = {isa = PBXFileReference; fileEncoding = 4; lastKnownFileType = sourcecode.c.objc; path = XWJsonToCode.m; sourceTree = "<group>"; };
		EA7DEF2D1B60860400743797 /* XWJsonToCode-Prefix.pch */ = {isa = PBXFileReference; lastKnownFileType = sourcecode.c.h; path = "XWJsonToCode-Prefix.pch"; sourceTree = "<group>"; };
		EAA0242D1B60AF630031255E /* NSDictionary+XW.h */ = {isa = PBXFileReference; fileEncoding = 4; lastKnownFileType = sourcecode.c.h; path = "NSDictionary+XW.h"; sourceTree = "<group>"; };
		EAA0242E1B60AF630031255E /* NSDictionary+XW.m */ = {isa = PBXFileReference; fileEncoding = 4; lastKnownFileType = sourcecode.c.objc; path = "NSDictionary+XW.m"; sourceTree = "<group>"; };
		EAA024301B60AF630031255E /* NSString+XW.h */ = {isa = PBXFileReference; fileEncoding = 4; lastKnownFileType = sourcecode.c.h; path = "NSString+XW.h"; sourceTree = "<group>"; };
		EAA024311B60AF630031255E /* NSString+XW.m */ = {isa = PBXFileReference; fileEncoding = 4; lastKnownFileType = sourcecode.c.objc; path = "NSString+XW.m"; sourceTree = "<group>"; };
		EAA024421B60B4060031255E /* AppKit.framework */ = {isa = PBXFileReference; lastKnownFileType = wrapper.framework; name = AppKit.framework; path = System/Library/Frameworks/AppKit.framework; sourceTree = SDKROOT; };
		EAA024441B60B4210031255E /* Carbon.framework */ = {isa = PBXFileReference; lastKnownFileType = wrapper.framework; name = Carbon.framework; path = System/Library/Frameworks/Carbon.framework; sourceTree = SDKROOT; };
		EAA024461B60B4340031255E /* Cocoa.framework */ = {isa = PBXFileReference; lastKnownFileType = wrapper.framework; name = Cocoa.framework; path = System/Library/Frameworks/Cocoa.framework; sourceTree = SDKROOT; };
		EABE229A1B607D3100CCC768 /* XWJsonToCode.xcplugin */ = {isa = PBXFileReference; explicitFileType = wrapper.cfbundle; includeInIndex = 0; path = XWJsonToCode.xcplugin; sourceTree = BUILT_PRODUCTS_DIR; };
		EABE229E1B607D3100CCC768 /* Info.plist */ = {isa = PBXFileReference; lastKnownFileType = text.plist.xml; path = Info.plist; sourceTree = "<group>"; };
		EAFF72A71B6225C20061ABA4 /* XWInputJsonVC.h */ = {isa = PBXFileReference; fileEncoding = 4; lastKnownFileType = sourcecode.c.h; path = XWInputJsonVC.h; sourceTree = "<group>"; };
		EAFF72A81B6225C20061ABA4 /* XWInputJsonVC.m */ = {isa = PBXFileReference; fileEncoding = 4; lastKnownFileType = sourcecode.c.objc; path = XWInputJsonVC.m; sourceTree = "<group>"; };
		EAFF72A91B6225C20061ABA4 /* XWInputJsonVC.xib */ = {isa = PBXFileReference; fileEncoding = 4; lastKnownFileType = file.xib; path = XWInputJsonVC.xib; sourceTree = "<group>"; };
/* End PBXFileReference section */

/* Begin PBXFrameworksBuildPhase section */
		EABE22971B607D3100CCC768 /* Frameworks */ = {
			isa = PBXFrameworksBuildPhase;
			buildActionMask = 2147483647;
			files = (
				EAA024471B60B4340031255E /* Cocoa.framework in Frameworks */,
				EAA024451B60B4210031255E /* Carbon.framework in Frameworks */,
				EAA024431B60B4060031255E /* AppKit.framework in Frameworks */,
			);
			runOnlyForDeploymentPostprocessing = 0;
		};
/* End PBXFrameworksBuildPhase section */

/* Begin PBXGroup section */
		EA3C5D9C1B61C6AC001A7B92 /* NSTextView+XW */ = {
			isa = PBXGroup;
			children = (
				EA3C5D9D1B61C6B7001A7B92 /* NSTextView+XW.h */,
				EA3C5D9E1B61C6B7001A7B92 /* NSTextView+XW.m */,
			);
			path = "NSTextView+XW";
			sourceTree = "<group>";
		};
		EA4FB9341B61CC8E004B27F4 /* Common */ = {
			isa = PBXGroup;
			children = (
				EA0E2D911BA678DB00BD907D /* XWCommon.h */,
				EA0E2D921BA678DB00BD907D /* XWCommon.m */,
			);
			path = Common;
			sourceTree = "<group>";
		};
		EA6E843F1B60C7D900012187 /* XWModel */ = {
			isa = PBXGroup;
			children = (
				EA6E84401B60C7F700012187 /* XWModel.h */,
				EA6E84411B60C7F700012187 /* XWModel.m */,
				EA11B26A1B60CE6A00A653EB /* XWModelGroup.h */,
				EA11B26B1B60CE6A00A653EB /* XWModelGroup.m */,
			);
			path = XWModel;
			sourceTree = "<group>";
		};
		EAA0242B1B60AF630031255E /* Category */ = {
			isa = PBXGroup;
			children = (
				EA3C5D9C1B61C6AC001A7B92 /* NSTextView+XW */,
				EAA0242C1B60AF630031255E /* NSDictionary+XW */,
				EAA0242F1B60AF630031255E /* NSString+XW */,
			);
			path = Category;
			sourceTree = "<group>";
		};
		EAA0242C1B60AF630031255E /* NSDictionary+XW */ = {
			isa = PBXGroup;
			children = (
				EAA0242D1B60AF630031255E /* NSDictionary+XW.h */,
				EAA0242E1B60AF630031255E /* NSDictionary+XW.m */,
			);
			path = "NSDictionary+XW";
			sourceTree = "<group>";
		};
		EAA0242F1B60AF630031255E /* NSString+XW */ = {
			isa = PBXGroup;
			children = (
				EAA024301B60AF630031255E /* NSString+XW.h */,
				EAA024311B60AF630031255E /* NSString+XW.m */,
			);
			path = "NSString+XW";
			sourceTree = "<group>";
		};
		EAA024391B60AF6E0031255E /* XWTool */ = {
			isa = PBXGroup;
			children = (
				EA50C4301B60D38A007B1754 /* XWMyConverTool.h */,
				EA50C4311B60D38A007B1754 /* XWMyConverTool.m */,
				EA419C241B61DD2700ED7E37 /* XWUserTool.h */,
				EA419C251B61DD2700ED7E37 /* XWUserTool.m */,
			);
			path = XWTool;
			sourceTree = "<group>";
		};
		EABE22911B607D3100CCC768 = {
			isa = PBXGroup;
			children = (
				EAA024461B60B4340031255E /* Cocoa.framework */,
				EAA024441B60B4210031255E /* Carbon.framework */,
				EAA024421B60B4060031255E /* AppKit.framework */,
				EABE229C1B607D3100CCC768 /* XWJsonToCode */,
				EABE229B1B607D3100CCC768 /* Products */,
			);
			sourceTree = "<group>";
		};
		EABE229B1B607D3100CCC768 /* Products */ = {
			isa = PBXGroup;
			children = (
				EABE229A1B607D3100CCC768 /* XWJsonToCode.xcplugin */,
			);
			name = Products;
			sourceTree = "<group>";
		};
		EABE229C1B607D3100CCC768 /* XWJsonToCode */ = {
			isa = PBXGroup;
			children = (
				EA4FB9341B61CC8E004B27F4 /* Common */,
				EA6E843F1B60C7D900012187 /* XWModel */,
				EAA024391B60AF6E0031255E /* XWTool */,
				EAA0242B1B60AF630031255E /* Category */,
				EAC7A5921B6094C9003EE1CD /* View */,
				EABE229D1B607D3100CCC768 /* Supporting Files */,
			);
			path = XWJsonToCode;
			sourceTree = "<group>";
		};
		EABE229D1B607D3100CCC768 /* Supporting Files */ = {
			isa = PBXGroup;
			children = (
				EA7DEF291B60832D00743797 /* XWJsonToCode.h */,
				EA7DEF2A1B60832D00743797 /* XWJsonToCode.m */,
				EABE229E1B607D3100CCC768 /* Info.plist */,
				EA7DEF2D1B60860400743797 /* XWJsonToCode-Prefix.pch */,
			);
			name = "Supporting Files";
			sourceTree = "<group>";
		};
		EAC7A5921B6094C9003EE1CD /* View */ = {
			isa = PBXGroup;
			children = (
				EAFF72A71B6225C20061ABA4 /* XWInputJsonVC.h */,
				EAFF72A81B6225C20061ABA4 /* XWInputJsonVC.m */,
				EAFF72A91B6225C20061ABA4 /* XWInputJsonVC.xib */,
			);
			path = View;
			sourceTree = "<group>";
		};
/* End PBXGroup section */

/* Begin PBXNativeTarget section */
		EABE22991B607D3100CCC768 /* XWJsonToCode */ = {
			isa = PBXNativeTarget;
			buildConfigurationList = EABE22A11B607D3100CCC768 /* Build configuration list for PBXNativeTarget "XWJsonToCode" */;
			buildPhases = (
				EABE22961B607D3100CCC768 /* Sources */,
				EABE22971B607D3100CCC768 /* Frameworks */,
				EABE22981B607D3100CCC768 /* Resources */,
			);
			buildRules = (
			);
			dependencies = (
			);
			name = XWJsonToCode;
			productName = XWJsonToCode;
			productReference = EABE229A1B607D3100CCC768 /* XWJsonToCode.xcplugin */;
			productType = "com.apple.product-type.bundle";
		};
/* End PBXNativeTarget section */

/* Begin PBXProject section */
		EABE22921B607D3100CCC768 /* Project object */ = {
			isa = PBXProject;
			attributes = {
				LastUpgradeCheck = 0640;
				ORGANIZATIONNAME = "熊  伟";
				TargetAttributes = {
					EABE22991B607D3100CCC768 = {
						CreatedOnToolsVersion = 6.4;
					};
				};
			};
			buildConfigurationList = EABE22951B607D3100CCC768 /* Build configuration list for PBXProject "XWJsonToCode" */;
			compatibilityVersion = "Xcode 3.2";
			developmentRegion = English;
			hasScannedForEncodings = 0;
			knownRegions = (
				en,
			);
			mainGroup = EABE22911B607D3100CCC768;
			productRefGroup = EABE229B1B607D3100CCC768 /* Products */;
			projectDirPath = "";
			projectRoot = "";
			targets = (
				EABE22991B607D3100CCC768 /* XWJsonToCode */,
			);
		};
/* End PBXProject section */

/* Begin PBXResourcesBuildPhase section */
		EABE22981B607D3100CCC768 /* Resources */ = {
			isa = PBXResourcesBuildPhase;
			buildActionMask = 2147483647;
			files = (
				EAFF72AB1B6225C20061ABA4 /* XWInputJsonVC.xib in Resources */,
			);
			runOnlyForDeploymentPostprocessing = 0;
		};
/* End PBXResourcesBuildPhase section */

/* Begin PBXSourcesBuildPhase section */
		EABE22961B607D3100CCC768 /* Sources */ = {
			isa = PBXSourcesBuildPhase;
			buildActionMask = 2147483647;
			files = (
				EAA024321B60AF630031255E /* NSDictionary+XW.m in Sources */,
				EA7DEF2B1B60832D00743797 /* XWJsonToCode.m in Sources */,
				EA11B26C1B60CE6A00A653EB /* XWModelGroup.m in Sources */,
				EA0E2D931BA678DB00BD907D /* XWCommon.m in Sources */,
				EA50C4321B60D38A007B1754 /* XWMyConverTool.m in Sources */,
				EAA024331B60AF630031255E /* NSString+XW.m in Sources */,
				EA419C261B61DD2700ED7E37 /* XWUserTool.m in Sources */,
				EA6E84421B60C7F700012187 /* XWModel.m in Sources */,
				EAFF72AA1B6225C20061ABA4 /* XWInputJsonVC.m in Sources */,
				EA3C5D9F1B61C6B7001A7B92 /* NSTextView+XW.m in Sources */,
			);
			runOnlyForDeploymentPostprocessing = 0;
		};
/* End PBXSourcesBuildPhase section */

/* Begin XCBuildConfiguration section */
		EABE229F1B607D3100CCC768 /* Debug */ = {
			isa = XCBuildConfiguration;
			buildSettings = {
				ALWAYS_SEARCH_USER_PATHS = NO;
				CLANG_CXX_LANGUAGE_STANDARD = "gnu++0x";
				CLANG_CXX_LIBRARY = "libc++";
				CLANG_ENABLE_MODULES = YES;
				CLANG_ENABLE_OBJC_ARC = YES;
				CLANG_WARN_BOOL_CONVERSION = YES;
				CLANG_WARN_CONSTANT_CONVERSION = YES;
				CLANG_WARN_DIRECT_OBJC_ISA_USAGE = YES_ERROR;
				CLANG_WARN_EMPTY_BODY = YES;
				CLANG_WARN_ENUM_CONVERSION = YES;
				CLANG_WARN_INT_CONVERSION = YES;
				CLANG_WARN_OBJC_ROOT_CLASS = YES_ERROR;
				CLANG_WARN_UNREACHABLE_CODE = YES;
				CLANG_WARN__DUPLICATE_METHOD_MATCH = YES;
				COPY_PHASE_STRIP = NO;
				ENABLE_STRICT_OBJC_MSGSEND = YES;
				GCC_C_LANGUAGE_STANDARD = gnu99;
				GCC_DYNAMIC_NO_PIC = NO;
				GCC_NO_COMMON_BLOCKS = YES;
				GCC_OPTIMIZATION_LEVEL = 0;
				GCC_PREPROCESSOR_DEFINITIONS = (
					"DEBUG=1",
					"$(inherited)",
				);
				GCC_SYMBOLS_PRIVATE_EXTERN = NO;
				GCC_WARN_64_TO_32_BIT_CONVERSION = YES;
				GCC_WARN_ABOUT_RETURN_TYPE = YES_ERROR;
				GCC_WARN_UNDECLARED_SELECTOR = YES;
				GCC_WARN_UNINITIALIZED_AUTOS = YES_AGGRESSIVE;
				GCC_WARN_UNUSED_FUNCTION = YES;
				GCC_WARN_UNUSED_VARIABLE = YES;
				MTL_ENABLE_DEBUG_INFO = YES;
				ONLY_ACTIVE_ARCH = YES;
			};
			name = Debug;
		};
		EABE22A01B607D3100CCC768 /* Release */ = {
			isa = XCBuildConfiguration;
			buildSettings = {
				ALWAYS_SEARCH_USER_PATHS = NO;
				CLANG_CXX_LANGUAGE_STANDARD = "gnu++0x";
				CLANG_CXX_LIBRARY = "libc++";
				CLANG_ENABLE_MODULES = YES;
				CLANG_ENABLE_OBJC_ARC = YES;
				CLANG_WARN_BOOL_CONVERSION = YES;
				CLANG_WARN_CONSTANT_CONVERSION = YES;
				CLANG_WARN_DIRECT_OBJC_ISA_USAGE = YES_ERROR;
				CLANG_WARN_EMPTY_BODY = YES;
				CLANG_WARN_ENUM_CONVERSION = YES;
				CLANG_WARN_INT_CONVERSION = YES;
				CLANG_WARN_OBJC_ROOT_CLASS = YES_ERROR;
				CLANG_WARN_UNREACHABLE_CODE = YES;
				CLANG_WARN__DUPLICATE_METHOD_MATCH = YES;
				COPY_PHASE_STRIP = NO;
				ENABLE_NS_ASSERTIONS = NO;
				ENABLE_STRICT_OBJC_MSGSEND = YES;
				GCC_C_LANGUAGE_STANDARD = gnu99;
				GCC_NO_COMMON_BLOCKS = YES;
				GCC_WARN_64_TO_32_BIT_CONVERSION = YES;
				GCC_WARN_ABOUT_RETURN_TYPE = YES_ERROR;
				GCC_WARN_UNDECLARED_SELECTOR = YES;
				GCC_WARN_UNINITIALIZED_AUTOS = YES_AGGRESSIVE;
				GCC_WARN_UNUSED_FUNCTION = YES;
				GCC_WARN_UNUSED_VARIABLE = YES;
				MTL_ENABLE_DEBUG_INFO = NO;
			};
			name = Release;
		};
		EABE22A21B607D3100CCC768 /* Debug */ = {
			isa = XCBuildConfiguration;
			buildSettings = {
				COMBINE_HIDPI_IMAGES = YES;
				DEPLOYMENT_LOCATION = YES;
				DSTROOT = "${HOME}";
				GCC_PRECOMPILE_PREFIX_HEADER = NO;
				GCC_PREFIX_HEADER = "$(SRCROOT)/XWJsonToCode/XWJsonToCode-Prefix.pch";
				INFOPLIST_FILE = XWJsonToCode/Info.plist;
				INSTALL_PATH = "/Library/Application Support/Developer/Shared/Xcode/Plug-ins";
				PRODUCT_NAME = "$(TARGET_NAME)";
				WRAPPER_EXTENSION = xcplugin;
			};
			name = Debug;
		};
		EABE22A31B607D3100CCC768 /* Release */ = {
			isa = XCBuildConfiguration;
			buildSettings = {
				COMBINE_HIDPI_IMAGES = YES;
				DEPLOYMENT_LOCATION = YES;
				DSTROOT = "${HOME}";
				GCC_PRECOMPILE_PREFIX_HEADER = NO;
				GCC_PREFIX_HEADER = "$(SRCROOT)/XWJsonToCode/XWJsonToCode-Prefix.pch";
				INFOPLIST_FILE = XWJsonToCode/Info.plist;
				INSTALL_PATH = "/Library/Application Support/Developer/Shared/Xcode/Plug-ins";
				PRODUCT_NAME = "$(TARGET_NAME)";
				WRAPPER_EXTENSION = xcplugin;
			};
			name = Release;
		};
/* End XCBuildConfiguration section */

/* Begin XCConfigurationList section */
		EABE22951B607D3100CCC768 /* Build configuration list for PBXProject "XWJsonToCode" */ = {
			isa = XCConfigurationList;
			buildConfigurations = (
				EABE229F1B607D3100CCC768 /* Debug */,
				EABE22A01B607D3100CCC768 /* Release */,
			);
			defaultConfigurationIsVisible = 0;
			defaultConfigurationName = Release;
		};
		EABE22A11B607D3100CCC768 /* Build configuration list for PBXNativeTarget "XWJsonToCode" */ = {
			isa = XCConfigurationList;
			buildConfigurations = (
				EABE22A21B607D3100CCC768 /* Debug */,
				EABE22A31B607D3100CCC768 /* Release */,
			);
			defaultConfigurationIsVisible = 0;
			defaultConfigurationName = Release;
		};
/* End XCConfigurationList section */
	};
	rootObject = EABE22921B607D3100CCC768 /* Project object */;
}
